
Microsoft Visual Studio Solution File, Format Version 12.00
# Visual Studio Version 17
VisualStudioVersion = 17.4.33205.214
MinimumVisualStudioVersion = 10.0.40219.1
Project("{FAE04EC0-301F-11D3-BF4B-00C04F79EFBC}") = "BenchmarkTryout", "BenchmarkTryout.csproj", "{3C9E36F0-6717-4465-9C7E-2EADBCE974B2}"
EndProject
Global
	GlobalSection(SolutionConfigurationPlatforms) = preSolution
		Debug|Any CPU = Debug|Any CPU
		Release|Any CPU = Release|Any CPU
	EndGlobalSection
	GlobalSection(ProjectConfigurationPlatforms) = postSolution
		{3C9E36F0-6717-4465-9C7E-2EADBCE974B2}.Debug|Any CPU.ActiveCfg = Debug|Any CPU
		{3C9E36F0-6717-4465-9C7E-2EADBCE974B2}.Debug|Any CPU.Build.0 = Debug|Any CPU
		{3C9E36F0-6717-4465-9C7E-2EADBCE974B2}.Release|Any CPU.ActiveCfg = Release|Any CPU
		{3C9E36F0-6717-4465-9C7E-2EADBCE974B2}.Release|Any CPU.Build.0 = Release|Any CPU
	EndGlobalSection
	GlobalSection(SolutionProperties) = preSolution
		HideSolutionNode = FALSE
	EndGlobalSection
	GlobalSection(ExtensibilityGlobals) = postSolution
		SolutionGuid = {4CE1FC11-92A5-4227-853A-05D4F7196F3E}
	EndGlobalSection
EndGlobal
